{
  "name": "package.json",
  "version": "1.0.0",
  "lockfileVersion": 1,
  "requires": true,
  "dependencies": {
    "jquery": {
      "version": "3.5.1",
      "resolved": "https://nexus.consulfarmasaude.com.br/repository/npm-all/jquery/-/jquery-3.5.1.tgz",
      "integrity": "sha512-XwIBPqcMn57FxfT+Go5pzySnm4KWkT1Tv7gjrpT1srtf8Weynl6R273VJ5GjkRb51IzMp5nbaPjJXMWeju2MKg==",
      "dev": true
    },
    "jquery-serializejson": {
      "version": "3.1.1",
      "resolved": "https://nexus.consulfarmasaude.com.br/repository/npm-all/jquery-serializejson/-/jquery-serializejson-3.1.1.tgz",
      "integrity": "sha512-LQHPtIQjRhJjfSQX0mlxP7LeHcI7Yy1IEaOvNEUVL9fQrdCMQm1L1pvLo/Kz92fPRNv9GVSy/H3TOO+Tnck/8g=="
    }
  }
}
